
Microsoft Visual Studio Solution File, Format Version 12.00
# Visual Studio Version 16
VisualStudioVersion = 16.0.29102.190
MinimumVisualStudioVersion = 10.0.40219.1
Project("{9A19103F-16F7-4668-BE54-9A1E7A4F7556}") = "ImagePuzzler", "ImagePuzzler\ImagePuzzler.csproj", "{537D2F2F-195D-456F-A938-82F6CE7E55A0}"
EndProject
Project("{FAE04EC0-301F-11D3-BF4B-00C04F79EFBC}") = "ImagePuzzler.Example", "ImagePuzzler.Example\ImagePuzzler.Example.csproj", "{7B977564-E064-4D59-83E9-E6017CDFD416}"
EndProject
Global
	GlobalSection(SolutionConfigurationPlatforms) = preSolution
		Debug|Any CPU = Debug|Any CPU
		Release|Any CPU = Release|Any CPU
	EndGlobalSection
	GlobalSection(ProjectConfigurationPlatforms) = postSolution
		{537D2F2F-195D-456F-A938-82F6CE7E55A0}.Debug|Any CPU.ActiveCfg = Debug|Any CPU
		{537D2F2F-195D-456F-A938-82F6CE7E55A0}.Debug|Any CPU.Build.0 = Debug|Any CPU
		{537D2F2F-195D-456F-A938-82F6CE7E55A0}.Release|Any CPU.ActiveCfg = Release|Any CPU
		{537D2F2F-195D-456F-A938-82F6CE7E55A0}.Release|Any CPU.Build.0 = Release|Any CPU
		{7B977564-E064-4D59-83E9-E6017CDFD416}.Debug|Any CPU.ActiveCfg = Debug|Any CPU
		{7B977564-E064-4D59-83E9-E6017CDFD416}.Debug|Any CPU.Build.0 = Debug|Any CPU
		{7B977564-E064-4D59-83E9-E6017CDFD416}.Release|Any CPU.ActiveCfg = Release|Any CPU
		{7B977564-E064-4D59-83E9-E6017CDFD416}.Release|Any CPU.Build.0 = Release|Any CPU
	EndGlobalSection
	GlobalSection(SolutionProperties) = preSolution
		HideSolutionNode = FALSE
	EndGlobalSection
	GlobalSection(ExtensibilityGlobals) = postSolution
		SolutionGuid = {5A49D8D8-C18A-482A-AB2A-6C1678B4B8B2}
	EndGlobalSection
EndGlobal
